
Microsoft Visual Studio Solution File, Format Version 12.00
# Visual Studio 14
VisualStudioVersion = 14.0.25420.1
MinimumVisualStudioVersion = 10.0.40219.1
Project("{FAE04EC0-301F-11D3-BF4B-00C04F79EFBC}") = "IDCWebUI", "IDCWebUI\IDCWebUI.csproj", "{1D0CB0CC-C6B7-4D5D-A6D6-BBAD6BF256FC}"
EndProject
Project("{FAE04EC0-301F-11D3-BF4B-00C04F79EFBC}") = "DAL", "DAL\DAL.csproj", "{E470FC08-F279-45B9-9F33-15DB90E5ABF1}"
EndProject
Project("{FAE04EC0-301F-11D3-BF4B-00C04F79EFBC}") = "BOL", "BOL\BOL.csproj", "{D2011019-F774-43D0-96B6-913156585B4C}"
EndProject
Project("{FAE04EC0-301F-11D3-BF4B-00C04F79EFBC}") = "BLL", "BLL\BLL.csproj", "{E7081488-DB19-4F79-B971-8DC3FC9913DB}"
EndProject
Global
	GlobalSection(SolutionConfigurationPlatforms) = preSolution
		Debug|Any CPU = Debug|Any CPU
		Release|Any CPU = Release|Any CPU
	EndGlobalSection
	GlobalSection(ProjectConfigurationPlatforms) = postSolution
		{1D0CB0CC-C6B7-4D5D-A6D6-BBAD6BF256FC}.Debug|Any CPU.ActiveCfg = Debug|Any CPU
		{1D0CB0CC-C6B7-4D5D-A6D6-BBAD6BF256FC}.Debug|Any CPU.Build.0 = Debug|Any CPU
		{1D0CB0CC-C6B7-4D5D-A6D6-BBAD6BF256FC}.Release|Any CPU.ActiveCfg = Release|Any CPU
		{1D0CB0CC-C6B7-4D5D-A6D6-BBAD6BF256FC}.Release|Any CPU.Build.0 = Release|Any CPU
		{E470FC08-F279-45B9-9F33-15DB90E5ABF1}.Debug|Any CPU.ActiveCfg = Debug|Any CPU
		{E470FC08-F279-45B9-9F33-15DB90E5ABF1}.Debug|Any CPU.Build.0 = Debug|Any CPU
		{E470FC08-F279-45B9-9F33-15DB90E5ABF1}.Release|Any CPU.ActiveCfg = Release|Any CPU
		{E470FC08-F279-45B9-9F33-15DB90E5ABF1}.Release|Any CPU.Build.0 = Release|Any CPU
		{D2011019-F774-43D0-96B6-913156585B4C}.Debug|Any CPU.ActiveCfg = Debug|Any CPU
		{D2011019-F774-43D0-96B6-913156585B4C}.Debug|Any CPU.Build.0 = Debug|Any CPU
		{D2011019-F774-43D0-96B6-913156585B4C}.Release|Any CPU.ActiveCfg = Release|Any CPU
		{D2011019-F774-43D0-96B6-913156585B4C}.Release|Any CPU.Build.0 = Release|Any CPU
		{E7081488-DB19-4F79-B971-8DC3FC9913DB}.Debug|Any CPU.ActiveCfg = Debug|Any CPU
		{E7081488-DB19-4F79-B971-8DC3FC9913DB}.Debug|Any CPU.Build.0 = Debug|Any CPU
		{E7081488-DB19-4F79-B971-8DC3FC9913DB}.Release|Any CPU.ActiveCfg = Release|Any CPU
		{E7081488-DB19-4F79-B971-8DC3FC9913DB}.Release|Any CPU.Build.0 = Release|Any CPU
	EndGlobalSection
	GlobalSection(SolutionProperties) = preSolution
		HideSolutionNode = FALSE
	EndGlobalSection
EndGlobal
